
Microsoft Visual Studio Solution File, Format Version 12.00
# Visual Studio Version 17
VisualStudioVersion = 17.9.34728.123
MinimumVisualStudioVersion = 10.0.40219.1
Project("{2150E333-8FDC-42A3-9474-1A3956D46DE8}") = "FrontEnd", "FrontEnd", "{09F4BF5B-D48E-4ADB-B318-D6A455E3C352}"
EndProject
Project("{2150E333-8FDC-42A3-9474-1A3956D46DE8}") = "Gateaway", "Gateaway", "{064C15E0-8DA7-44BD-AD28-26D196DF7FC7}"
EndProject
Project("{2150E333-8FDC-42A3-9474-1A3956D46DE8}") = "Integration", "Integration", "{1DE3BF9D-BAC9-40F2-BF9F-DDBAAC457F14}"
EndProject
Project("{2150E333-8FDC-42A3-9474-1A3956D46DE8}") = "Services", "Services", "{8FAFE064-AD6F-4FDF-982B-4400636F9107}"
EndProject
Project("{9A19103F-16F7-4668-BE54-9A1E7A4F7556}") = "Cosmo.Services.CouponAPI", "Cosmo.Services.CouponAPI\Cosmo.Services.CouponAPI.csproj", "{286847D7-CEC3-4609-9A56-C18561EF8750}"
EndProject
Project("{9A19103F-16F7-4668-BE54-9A1E7A4F7556}") = "Cosmo.Web", "Cosmo.Web\Cosmo.Web.csproj", "{29DEE585-418E-439C-B425-C5B101AEFDBC}"
EndProject
Project("{9A19103F-16F7-4668-BE54-9A1E7A4F7556}") = "Cosmo.Services.AuthAPI", "Mango.Services.AuthAPI\Cosmo.Services.AuthAPI.csproj", "{2DDAFC13-609B-429A-AD0F-045465EE226A}"
EndProject
Project("{9A19103F-16F7-4668-BE54-9A1E7A4F7556}") = "Cosmo.Services.ProductAPI", "Cosmo.Services.ProductAPI\Cosmo.Services.ProductAPI.csproj", "{9B36AE28-3252-4855-BCEA-B63598DE11C0}"
EndProject
Project("{9A19103F-16F7-4668-BE54-9A1E7A4F7556}") = "Cosmo.Services.ShoppingCartAPI", "Cosmo.Services.ShoppingCartAPI\Cosmo.Services.ShoppingCartAPI.csproj", "{8CEF3EC4-D52C-4780-9709-AC0383AEE730}"
EndProject
Project("{9A19103F-16F7-4668-BE54-9A1E7A4F7556}") = "Cosmo.MessageBus", "Cosmo.MessageBus\Cosmo.MessageBus.csproj", "{8A1E159D-8738-403E-9AAC-EB244A2F37E1}"
EndProject
Project("{FAE04EC0-301F-11D3-BF4B-00C04F79EFBC}") = "Cosmo.Services.EmailAPI", "Cosmo.Services.EmailAPI\Cosmo.Services.EmailAPI.csproj", "{724FCCBB-2DD9-4337-BFE5-518EF05A5861}"
EndProject
Global
	GlobalSection(SolutionConfigurationPlatforms) = preSolution
		Debug|Any CPU = Debug|Any CPU
		Release|Any CPU = Release|Any CPU
	EndGlobalSection
	GlobalSection(ProjectConfigurationPlatforms) = postSolution
		{286847D7-CEC3-4609-9A56-C18561EF8750}.Debug|Any CPU.ActiveCfg = Debug|Any CPU
		{286847D7-CEC3-4609-9A56-C18561EF8750}.Debug|Any CPU.Build.0 = Debug|Any CPU
		{286847D7-CEC3-4609-9A56-C18561EF8750}.Release|Any CPU.ActiveCfg = Release|Any CPU
		{286847D7-CEC3-4609-9A56-C18561EF8750}.Release|Any CPU.Build.0 = Release|Any CPU
		{29DEE585-418E-439C-B425-C5B101AEFDBC}.Debug|Any CPU.ActiveCfg = Debug|Any CPU
		{29DEE585-418E-439C-B425-C5B101AEFDBC}.Debug|Any CPU.Build.0 = Debug|Any CPU
		{29DEE585-418E-439C-B425-C5B101AEFDBC}.Release|Any CPU.ActiveCfg = Release|Any CPU
		{29DEE585-418E-439C-B425-C5B101AEFDBC}.Release|Any CPU.Build.0 = Release|Any CPU
		{2DDAFC13-609B-429A-AD0F-045465EE226A}.Debug|Any CPU.ActiveCfg = Debug|Any CPU
		{2DDAFC13-609B-429A-AD0F-045465EE226A}.Debug|Any CPU.Build.0 = Debug|Any CPU
		{2DDAFC13-609B-429A-AD0F-045465EE226A}.Release|Any CPU.ActiveCfg = Release|Any CPU
		{2DDAFC13-609B-429A-AD0F-045465EE226A}.Release|Any CPU.Build.0 = Release|Any CPU
		{9B36AE28-3252-4855-BCEA-B63598DE11C0}.Debug|Any CPU.ActiveCfg = Debug|Any CPU
		{9B36AE28-3252-4855-BCEA-B63598DE11C0}.Debug|Any CPU.Build.0 = Debug|Any CPU
		{9B36AE28-3252-4855-BCEA-B63598DE11C0}.Release|Any CPU.ActiveCfg = Release|Any CPU
		{9B36AE28-3252-4855-BCEA-B63598DE11C0}.Release|Any CPU.Build.0 = Release|Any CPU
		{8CEF3EC4-D52C-4780-9709-AC0383AEE730}.Debug|Any CPU.ActiveCfg = Debug|Any CPU
		{8CEF3EC4-D52C-4780-9709-AC0383AEE730}.Debug|Any CPU.Build.0 = Debug|Any CPU
		{8CEF3EC4-D52C-4780-9709-AC0383AEE730}.Release|Any CPU.ActiveCfg = Release|Any CPU
		{8CEF3EC4-D52C-4780-9709-AC0383AEE730}.Release|Any CPU.Build.0 = Release|Any CPU
		{8A1E159D-8738-403E-9AAC-EB244A2F37E1}.Debug|Any CPU.ActiveCfg = Debug|Any CPU
		{8A1E159D-8738-403E-9AAC-EB244A2F37E1}.Debug|Any CPU.Build.0 = Debug|Any CPU
		{8A1E159D-8738-403E-9AAC-EB244A2F37E1}.Release|Any CPU.ActiveCfg = Release|Any CPU
		{8A1E159D-8738-403E-9AAC-EB244A2F37E1}.Release|Any CPU.Build.0 = Release|Any CPU
		{724FCCBB-2DD9-4337-BFE5-518EF05A5861}.Debug|Any CPU.ActiveCfg = Debug|Any CPU
		{724FCCBB-2DD9-4337-BFE5-518EF05A5861}.Debug|Any CPU.Build.0 = Debug|Any CPU
		{724FCCBB-2DD9-4337-BFE5-518EF05A5861}.Release|Any CPU.ActiveCfg = Release|Any CPU
		{724FCCBB-2DD9-4337-BFE5-518EF05A5861}.Release|Any CPU.Build.0 = Release|Any CPU
	EndGlobalSection
	GlobalSection(SolutionProperties) = preSolution
		HideSolutionNode = FALSE
	EndGlobalSection
	GlobalSection(NestedProjects) = preSolution
		{286847D7-CEC3-4609-9A56-C18561EF8750} = {8FAFE064-AD6F-4FDF-982B-4400636F9107}
		{29DEE585-418E-439C-B425-C5B101AEFDBC} = {09F4BF5B-D48E-4ADB-B318-D6A455E3C352}
		{2DDAFC13-609B-429A-AD0F-045465EE226A} = {8FAFE064-AD6F-4FDF-982B-4400636F9107}
		{9B36AE28-3252-4855-BCEA-B63598DE11C0} = {8FAFE064-AD6F-4FDF-982B-4400636F9107}
		{8CEF3EC4-D52C-4780-9709-AC0383AEE730} = {8FAFE064-AD6F-4FDF-982B-4400636F9107}
		{8A1E159D-8738-403E-9AAC-EB244A2F37E1} = {1DE3BF9D-BAC9-40F2-BF9F-DDBAAC457F14}
		{724FCCBB-2DD9-4337-BFE5-518EF05A5861} = {8FAFE064-AD6F-4FDF-982B-4400636F9107}
	EndGlobalSection
	GlobalSection(ExtensibilityGlobals) = postSolution
		SolutionGuid = {7608577D-78C8-45E1-8D76-C4D1F66AD00E}
	EndGlobalSection
EndGlobal
